// !$*UTF8*$!
{
	archiveVersion = 1;
	classes = {
	};
	objectVersion = 50;
	objects = {

/* Begin PBXBuildFile section */
		B913580D2539F0AD0004AA9F /* RestautantCollectionViewMock.swift in Sources */ = {isa = PBXBuildFile; fileRef = B913580C2539F0AD0004AA9F /* RestautantCollectionViewMock.swift */; };
		B91358152539F0CE0004AA9F /* RestaurantDBWorkerMock.swift in Sources */ = {isa = PBXBuildFile; fileRef = B91358142539F0CE0004AA9F /* RestaurantDBWorkerMock.swift */; };
		B913581D2539F10D0004AA9F /* RestaurantInteractorMock.swift in Sources */ = {isa = PBXBuildFile; fileRef = B913581C2539F10D0004AA9F /* RestaurantInteractorMock.swift */; };
		B91358252539F12C0004AA9F /* RestaurantViewControllerTests.swift in Sources */ = {isa = PBXBuildFile; fileRef = B91358242539F12C0004AA9F /* RestaurantViewControllerTests.swift */; };
		B913582A2539F14B0004AA9F /* RestaurantViewControllerMock.swift in Sources */ = {isa = PBXBuildFile; fileRef = B91358292539F14B0004AA9F /* RestaurantViewControllerMock.swift */; };
		B913582F2539F1600004AA9F /* RestaurantPresenterTests.swift in Sources */ = {isa = PBXBuildFile; fileRef = B913582E2539F1600004AA9F /* RestaurantPresenterTests.swift */; };
		B91358342539FDD80004AA9F /* RestaurantPresenterMock.swift in Sources */ = {isa = PBXBuildFile; fileRef = B91358332539FDD80004AA9F /* RestaurantPresenterMock.swift */; };
		B91358392539FDF30004AA9F /* RestaurantInteractorTests.swift in Sources */ = {isa = PBXBuildFile; fileRef = B91358382539FDF30004AA9F /* RestaurantInteractorTests.swift */; };
		B922E4302525C56900A0C576 /* RestaurantMenuPresenter.swift in Sources */ = {isa = PBXBuildFile; fileRef = B922E42A2525C56900A0C576 /* RestaurantMenuPresenter.swift */; };
		B922E4312525C56900A0C576 /* RestaurantMenuWorker.swift in Sources */ = {isa = PBXBuildFile; fileRef = B922E42B2525C56900A0C576 /* RestaurantMenuWorker.swift */; };
		B922E4322525C56900A0C576 /* RestaurantMenuRouter.swift in Sources */ = {isa = PBXBuildFile; fileRef = B922E42C2525C56900A0C576 /* RestaurantMenuRouter.swift */; };
		B922E4332525C56900A0C576 /* RestaurantMenuModels.swift in Sources */ = {isa = PBXBuildFile; fileRef = B922E42D2525C56900A0C576 /* RestaurantMenuModels.swift */; };
		B922E4342525C56900A0C576 /* RestaurantMenuViewController.swift in Sources */ = {isa = PBXBuildFile; fileRef = B922E42E2525C56900A0C576 /* RestaurantMenuViewController.swift */; };
		B922E4352525C56900A0C576 /* RestaurantMenuInteractor.swift in Sources */ = {isa = PBXBuildFile; fileRef = B922E42F2525C56900A0C576 /* RestaurantMenuInteractor.swift */; };
		B922E45E2525CFC500A0C576 /* TitleCollectionViewCell.swift in Sources */ = {isa = PBXBuildFile; fileRef = B922E45D2525CFC500A0C576 /* TitleCollectionViewCell.swift */; };
		B922E4662525CFD400A0C576 /* DetailsCollectionViewCell.swift in Sources */ = {isa = PBXBuildFile; fileRef = B922E4652525CFD400A0C576 /* DetailsCollectionViewCell.swift */; };
		B966E4AD2524D4760032E818 /* ControllerMode.swift in Sources */ = {isa = PBXBuildFile; fileRef = B966E4AC2524D4760032E818 /* ControllerMode.swift */; };
		B966E4BA2524D6690032E818 /* HomeScreenData.swift in Sources */ = {isa = PBXBuildFile; fileRef = B966E4B92524D6690032E818 /* HomeScreenData.swift */; };
		B966E4C02524DD490032E818 /* NetworkService.swift in Sources */ = {isa = PBXBuildFile; fileRef = B966E4BF2524DD490032E818 /* NetworkService.swift */; };
		B966E4C62524DDE50032E818 /* HomeScreenData.json in Resources */ = {isa = PBXBuildFile; fileRef = B966E4C52524DDE50032E818 /* HomeScreenData.json */; };
		B986A50E255C0F9B00F0A406 /* CoreDataService.swift in Sources */ = {isa = PBXBuildFile; fileRef = B986A50D255C0F9B00F0A406 /* CoreDataService.swift */; };
		B986A513255C29AF00F0A406 /* BasketData.swift in Sources */ = {isa = PBXBuildFile; fileRef = B986A512255C29AF00F0A406 /* BasketData.swift */; };
		B986A51B255C34B700F0A406 /* ColorHelper.swift in Sources */ = {isa = PBXBuildFile; fileRef = B986A51A255C34B700F0A406 /* ColorHelper.swift */; };
		B996BC7E252B9F80004DB378 /* SplashScreenPageViewController.swift in Sources */ = {isa = PBXBuildFile; fileRef = B996BC7D252B9F80004DB378 /* SplashScreenPageViewController.swift */; };
		B9CEA51E2584B16E0023BDCD /* BasketDetailsCellOrderButton.swift in Sources */ = {isa = PBXBuildFile; fileRef = B9CEA51D2584B16E0023BDCD /* BasketDetailsCellOrderButton.swift */; };
		B9D49967254ED72C0037EB4D /* DataSource.swift in Sources */ = {isa = PBXBuildFile; fileRef = B9D49966254ED72C0037EB4D /* DataSource.swift */; };
		B9D4996C254EE6230037EB4D /* BasketDetailsCell.swift in Sources */ = {isa = PBXBuildFile; fileRef = B9D4996B254EE6230037EB4D /* BasketDetailsCell.swift */; };
		B9DA4649252C894900AA0421 /* FirstSplashScreenPage.swift in Sources */ = {isa = PBXBuildFile; fileRef = B9DA4648252C894900AA0421 /* FirstSplashScreenPage.swift */; };
		B9DA464E252C8D1A00AA0421 /* SecondSplashScreenPage.swift in Sources */ = {isa = PBXBuildFile; fileRef = B9DA464D252C8D1A00AA0421 /* SecondSplashScreenPage.swift */; };
		B9DA4653252C8D5600AA0421 /* ThirdSplashScreenPage.swift in Sources */ = {isa = PBXBuildFile; fileRef = B9DA4652252C8D5600AA0421 /* ThirdSplashScreenPage.swift */; };
		B9E2A63E2535CB0000C8FB7C /* BasketPresenter.swift in Sources */ = {isa = PBXBuildFile; fileRef = B9E2A6382535CB0000C8FB7C /* BasketPresenter.swift */; };
		B9E2A63F2535CB0000C8FB7C /* BasketWorker.swift in Sources */ = {isa = PBXBuildFile; fileRef = B9E2A6392535CB0000C8FB7C /* BasketWorker.swift */; };
		B9E2A6402535CB0000C8FB7C /* BasketRouter.swift in Sources */ = {isa = PBXBuildFile; fileRef = B9E2A63A2535CB0000C8FB7C /* BasketRouter.swift */; };
		B9E2A6412535CB0000C8FB7C /* BasketModels.swift in Sources */ = {isa = PBXBuildFile; fileRef = B9E2A63B2535CB0000C8FB7C /* BasketModels.swift */; };
		B9E2A6422535CB0000C8FB7C /* BasketViewController.swift in Sources */ = {isa = PBXBuildFile; fileRef = B9E2A63C2535CB0000C8FB7C /* BasketViewController.swift */; };
		B9E2A6432535CB0000C8FB7C /* BasketInteractor.swift in Sources */ = {isa = PBXBuildFile; fileRef = B9E2A63D2535CB0000C8FB7C /* BasketInteractor.swift */; };
		B9E9CB9A25305D4600857775 /* RestaurantDetailsPresenter.swift in Sources */ = {isa = PBXBuildFile; fileRef = B9E9CB9425305D4600857775 /* RestaurantDetailsPresenter.swift */; };
		B9E9CB9B25305D4600857775 /* RestaurantDetailsWorker.swift in Sources */ = {isa = PBXBuildFile; fileRef = B9E9CB9525305D4600857775 /* RestaurantDetailsWorker.swift */; };
		B9E9CB9C25305D4600857775 /* RestaurantDetailsRouter.swift in Sources */ = {isa = PBXBuildFile; fileRef = B9E9CB9625305D4600857775 /* RestaurantDetailsRouter.swift */; };
		B9E9CB9D25305D4600857775 /* RestaurantDetailsModels.swift in Sources */ = {isa = PBXBuildFile; fileRef = B9E9CB9725305D4600857775 /* RestaurantDetailsModels.swift */; };
		B9E9CB9E25305D4600857775 /* RestaurantDetailsViewController.swift in Sources */ = {isa = PBXBuildFile; fileRef = B9E9CB9825305D4600857775 /* RestaurantDetailsViewController.swift */; };
		B9E9CB9F25305D4600857775 /* RestaurantDetailsInteractor.swift in Sources */ = {isa = PBXBuildFile; fileRef = B9E9CB9925305D4600857775 /* RestaurantDetailsInteractor.swift */; };
		B9E9CBA52530618800857775 /* RestaurantDetailsView.swift in Sources */ = {isa = PBXBuildFile; fileRef = B9E9CBA42530618800857775 /* RestaurantDetailsView.swift */; };
		B9EEECF9253F35DB00BB2EAC /* RestaurantDetailsPresenterMock.swift in Sources */ = {isa = PBXBuildFile; fileRef = B9EEECF8253F35DB00BB2EAC /* RestaurantDetailsPresenterMock.swift */; };
		B9EEED01253F35FE00BB2EAC /* RestaurantDetailsInteractorTests.swift in Sources */ = {isa = PBXBuildFile; fileRef = B9EEED00253F35FE00BB2EAC /* RestaurantDetailsInteractorTests.swift */; };
		B9EEED06253F361F00BB2EAC /* RestaurantDetailsViewControllerMock.swift in Sources */ = {isa = PBXBuildFile; fileRef = B9EEED05253F361F00BB2EAC /* RestaurantDetailsViewControllerMock.swift */; };
		B9EEED0E253F363300BB2EAC /* RestaurantDetailsPresenterTests.swift in Sources */ = {isa = PBXBuildFile; fileRef = B9EEED0D253F363300BB2EAC /* RestaurantDetailsPresenterTests.swift */; };
		B9EEED13253F364500BB2EAC /* RestaurantDetailsInteractorMock.swift in Sources */ = {isa = PBXBuildFile; fileRef = B9EEED12253F364500BB2EAC /* RestaurantDetailsInteractorMock.swift */; };
		B9EEED18253F365700BB2EAC /* RestaurantDetailsViewControllerTests.swift in Sources */ = {isa = PBXBuildFile; fileRef = B9EEED17253F365700BB2EAC /* RestaurantDetailsViewControllerTests.swift */; };
		B9EEED1D253F6F8E00BB2EAC /* RestaurantDetailsDBWorkerMock.swift in Sources */ = {isa = PBXBuildFile; fileRef = B9EEED1C253F6F8E00BB2EAC /* RestaurantDetailsDBWorkerMock.swift */; };
		B9F347CF2523CDBE00D7964A /* AppDelegate.swift in Sources */ = {isa = PBXBuildFile; fileRef = B9F347CE2523CDBE00D7964A /* AppDelegate.swift */; };
		B9F347D12523CDBE00D7964A /* SceneDelegate.swift in Sources */ = {isa = PBXBuildFile; fileRef = B9F347D02523CDBE00D7964A /* SceneDelegate.swift */; };
		B9F347D62523CDBE00D7964A /* Main.storyboard in Resources */ = {isa = PBXBuildFile; fileRef = B9F347D42523CDBE00D7964A /* Main.storyboard */; };
		B9F347D92523CDBE00D7964A /* AGLViperProject.xcdatamodeld in Sources */ = {isa = PBXBuildFile; fileRef = B9F347D72523CDBE00D7964A /* AGLViperProject.xcdatamodeld */; };
		B9F347DB2523CDBF00D7964A /* Assets.xcassets in Resources */ = {isa = PBXBuildFile; fileRef = B9F347DA2523CDBF00D7964A /* Assets.xcassets */; };
		B9F347DE2523CDBF00D7964A /* LaunchScreen.storyboard in Resources */ = {isa = PBXBuildFile; fileRef = B9F347DC2523CDBF00D7964A /* LaunchScreen.storyboard */; };
		B9F347E92523CDC000D7964A /* AGLViperProjectTests.swift in Sources */ = {isa = PBXBuildFile; fileRef = B9F347E82523CDC000D7964A /* AGLViperProjectTests.swift */; };
		B9F347F42523CDC000D7964A /* AGLViperProjectUITests.swift in Sources */ = {isa = PBXBuildFile; fileRef = B9F347F32523CDC000D7964A /* AGLViperProjectUITests.swift */; };
		B9F3481B2523D1BE00D7964A /* HomeScreenPresenter.swift in Sources */ = {isa = PBXBuildFile; fileRef = B9F348152523D1BE00D7964A /* HomeScreenPresenter.swift */; };
		B9F3481C2523D1BE00D7964A /* HomeScreenWorker.swift in Sources */ = {isa = PBXBuildFile; fileRef = B9F348162523D1BE00D7964A /* HomeScreenWorker.swift */; };
		B9F3481D2523D1BE00D7964A /* HomeScreenRouter.swift in Sources */ = {isa = PBXBuildFile; fileRef = B9F348172523D1BE00D7964A /* HomeScreenRouter.swift */; };
		B9F3481E2523D1BE00D7964A /* HomeScreenModels.swift in Sources */ = {isa = PBXBuildFile; fileRef = B9F348182523D1BE00D7964A /* HomeScreenModels.swift */; };
		B9F3481F2523D1BE00D7964A /* HomeScreenViewController.swift in Sources */ = {isa = PBXBuildFile; fileRef = B9F348192523D1BE00D7964A /* HomeScreenViewController.swift */; };
		B9F348202523D1BE00D7964A /* HomeScreenInteractor.swift in Sources */ = {isa = PBXBuildFile; fileRef = B9F3481A2523D1BE00D7964A /* HomeScreenInteractor.swift */; };
/* End PBXBuildFile section */

/* Begin PBXContainerItemProxy section */
		B9F347E52523CDC000D7964A /* PBXContainerItemProxy */ = {
			isa = PBXContainerItemProxy;
			containerPortal = B9F347C32523CDBE00D7964A /* Project object */;
			proxyType = 1;
			remoteGlobalIDString = B9F347CA2523CDBE00D7964A;
			remoteInfo = AGLViperProject;
		};
		B9F347F02523CDC000D7964A /* PBXContainerItemProxy */ = {
			isa = PBXContainerItemProxy;
			containerPortal = B9F347C32523CDBE00D7964A /* Project object */;
			proxyType = 1;
			remoteGlobalIDString = B9F347CA2523CDBE00D7964A;
			remoteInfo = AGLViperProject;
		};
/* End PBXContainerItemProxy section */

/* Begin PBXFileReference section */
		B913580C2539F0AD0004AA9F /* RestautantCollectionViewMock.swift */ = {isa = PBXFileReference; lastKnownFileType = sourcecode.swift; path = RestautantCollectionViewMock.swift; sourceTree = "<group>"; };
		B91358142539F0CE0004AA9F /* RestaurantDBWorkerMock.swift */ = {isa = PBXFileReference; lastKnownFileType = sourcecode.swift; path = RestaurantDBWorkerMock.swift; sourceTree = "<group>"; };
		B913581C2539F10D0004AA9F /* RestaurantInteractorMock.swift */ = {isa = PBXFileReference; lastKnownFileType = sourcecode.swift; path = RestaurantInteractorMock.swift; sourceTree = "<group>"; };
		B91358242539F12C0004AA9F /* RestaurantViewControllerTests.swift */ = {isa = PBXFileReference; lastKnownFileType = sourcecode.swift; path = RestaurantViewControllerTests.swift; sourceTree = "<group>"; };
		B91358292539F14B0004AA9F /* RestaurantViewControllerMock.swift */ = {isa = PBXFileReference; lastKnownFileType = sourcecode.swift; path = RestaurantViewControllerMock.swift; sourceTree = "<group>"; };
		B913582E2539F1600004AA9F /* RestaurantPresenterTests.swift */ = {isa = PBXFileReference; lastKnownFileType = sourcecode.swift; path = RestaurantPresenterTests.swift; sourceTree = "<group>"; };
		B91358332539FDD80004AA9F /* RestaurantPresenterMock.swift */ = {isa = PBXFileReference; lastKnownFileType = sourcecode.swift; path = RestaurantPresenterMock.swift; sourceTree = "<group>"; };
		B91358382539FDF30004AA9F /* RestaurantInteractorTests.swift */ = {isa = PBXFileReference; lastKnownFileType = sourcecode.swift; path = RestaurantInteractorTests.swift; sourceTree = "<group>"; };
		B922E42A2525C56900A0C576 /* RestaurantMenuPresenter.swift */ = {isa = PBXFileReference; lastKnownFileType = sourcecode.swift; path = RestaurantMenuPresenter.swift; sourceTree = "<group>"; };
		B922E42B2525C56900A0C576 /* RestaurantMenuWorker.swift */ = {isa = PBXFileReference; lastKnownFileType = sourcecode.swift; path = RestaurantMenuWorker.swift; sourceTree = "<group>"; };
		B922E42C2525C56900A0C576 /* RestaurantMenuRouter.swift */ = {isa = PBXFileReference; lastKnownFileType = sourcecode.swift; path = RestaurantMenuRouter.swift; sourceTree = "<group>"; };
		B922E42D2525C56900A0C576 /* RestaurantMenuModels.swift */ = {isa = PBXFileReference; lastKnownFileType = sourcecode.swift; path = RestaurantMenuModels.swift; sourceTree = "<group>"; };
		B922E42E2525C56900A0C576 /* RestaurantMenuViewController.swift */ = {isa = PBXFileReference; lastKnownFileType = sourcecode.swift; path = RestaurantMenuViewController.swift; sourceTree = "<group>"; };
		B922E42F2525C56900A0C576 /* RestaurantMenuInteractor.swift */ = {isa = PBXFileReference; lastKnownFileType = sourcecode.swift; path = RestaurantMenuInteractor.swift; sourceTree = "<group>"; };
		B922E45D2525CFC500A0C576 /* TitleCollectionViewCell.swift */ = {isa = PBXFileReference; lastKnownFileType = sourcecode.swift; path = TitleCollectionViewCell.swift; sourceTree = "<group>"; };
		B922E4652525CFD400A0C576 /* DetailsCollectionViewCell.swift */ = {isa = PBXFileReference; lastKnownFileType = sourcecode.swift; path = DetailsCollectionViewCell.swift; sourceTree = "<group>"; };
		B966E4AC2524D4760032E818 /* ControllerMode.swift */ = {isa = PBXFileReference; lastKnownFileType = sourcecode.swift; path = ControllerMode.swift; sourceTree = "<group>"; };
		B966E4B92524D6690032E818 /* HomeScreenData.swift */ = {isa = PBXFileReference; lastKnownFileType = sourcecode.swift; path = HomeScreenData.swift; sourceTree = "<group>"; };
		B966E4BF2524DD490032E818 /* NetworkService.swift */ = {isa = PBXFileReference; lastKnownFileType = sourcecode.swift; path = NetworkService.swift; sourceTree = "<group>"; };
		B966E4C52524DDE50032E818 /* HomeScreenData.json */ = {isa = PBXFileReference; explicitFileType = text.json; path = HomeScreenData.json; sourceTree = "<group>"; usesTabs = 0; };
		B986A50D255C0F9B00F0A406 /* CoreDataService.swift */ = {isa = PBXFileReference; lastKnownFileType = sourcecode.swift; path = CoreDataService.swift; sourceTree = "<group>"; };
		B986A512255C29AF00F0A406 /* BasketData.swift */ = {isa = PBXFileReference; lastKnownFileType = sourcecode.swift; path = BasketData.swift; sourceTree = "<group>"; };
		B986A51A255C34B700F0A406 /* ColorHelper.swift */ = {isa = PBXFileReference; lastKnownFileType = sourcecode.swift; path = ColorHelper.swift; sourceTree = "<group>"; };
		B996BC7D252B9F80004DB378 /* SplashScreenPageViewController.swift */ = {isa = PBXFileReference; lastKnownFileType = sourcecode.swift; path = SplashScreenPageViewController.swift; sourceTree = "<group>"; };
		B9CEA51D2584B16E0023BDCD /* BasketDetailsCellOrderButton.swift */ = {isa = PBXFileReference; lastKnownFileType = sourcecode.swift; path = BasketDetailsCellOrderButton.swift; sourceTree = "<group>"; };
		B9D49966254ED72C0037EB4D /* DataSource.swift */ = {isa = PBXFileReference; lastKnownFileType = sourcecode.swift; path = DataSource.swift; sourceTree = "<group>"; };
		B9D4996B254EE6230037EB4D /* BasketDetailsCell.swift */ = {isa = PBXFileReference; lastKnownFileType = sourcecode.swift; path = BasketDetailsCell.swift; sourceTree = "<group>"; };
		B9DA4648252C894900AA0421 /* FirstSplashScreenPage.swift */ = {isa = PBXFileReference; lastKnownFileType = sourcecode.swift; path = FirstSplashScreenPage.swift; sourceTree = "<group>"; };
		B9DA464D252C8D1A00AA0421 /* SecondSplashScreenPage.swift */ = {isa = PBXFileReference; lastKnownFileType = sourcecode.swift; path = SecondSplashScreenPage.swift; sourceTree = "<group>"; };
		B9DA4652252C8D5600AA0421 /* ThirdSplashScreenPage.swift */ = {isa = PBXFileReference; lastKnownFileType = sourcecode.swift; path = ThirdSplashScreenPage.swift; sourceTree = "<group>"; };
		B9E2A6382535CB0000C8FB7C /* BasketPresenter.swift */ = {isa = PBXFileReference; lastKnownFileType = sourcecode.swift; path = BasketPresenter.swift; sourceTree = "<group>"; };
		B9E2A6392535CB0000C8FB7C /* BasketWorker.swift */ = {isa = PBXFileReference; lastKnownFileType = sourcecode.swift; path = BasketWorker.swift; sourceTree = "<group>"; };
		B9E2A63A2535CB0000C8FB7C /* BasketRouter.swift */ = {isa = PBXFileReference; lastKnownFileType = sourcecode.swift; path = BasketRouter.swift; sourceTree = "<group>"; };
		B9E2A63B2535CB0000C8FB7C /* BasketModels.swift */ = {isa = PBXFileReference; lastKnownFileType = sourcecode.swift; path = BasketModels.swift; sourceTree = "<group>"; };
		B9E2A63C2535CB0000C8FB7C /* BasketViewController.swift */ = {isa = PBXFileReference; lastKnownFileType = sourcecode.swift; path = BasketViewController.swift; sourceTree = "<group>"; };
		B9E2A63D2535CB0000C8FB7C /* BasketInteractor.swift */ = {isa = PBXFileReference; lastKnownFileType = sourcecode.swift; path = BasketInteractor.swift; sourceTree = "<group>"; };
		B9E9CB9425305D4600857775 /* RestaurantDetailsPresenter.swift */ = {isa = PBXFileReference; lastKnownFileType = sourcecode.swift; path = RestaurantDetailsPresenter.swift; sourceTree = "<group>"; };
		B9E9CB9525305D4600857775 /* RestaurantDetailsWorker.swift */ = {isa = PBXFileReference; lastKnownFileType = sourcecode.swift; path = RestaurantDetailsWorker.swift; sourceTree = "<group>"; };
		B9E9CB9625305D4600857775 /* RestaurantDetailsRouter.swift */ = {isa = PBXFileReference; lastKnownFileType = sourcecode.swift; path = RestaurantDetailsRouter.swift; sourceTree = "<group>"; };
		B9E9CB9725305D4600857775 /* RestaurantDetailsModels.swift */ = {isa = PBXFileReference; lastKnownFileType = sourcecode.swift; path = RestaurantDetailsModels.swift; sourceTree = "<group>"; };
		B9E9CB9825305D4600857775 /* RestaurantDetailsViewController.swift */ = {isa = PBXFileReference; lastKnownFileType = sourcecode.swift; path = RestaurantDetailsViewController.swift; sourceTree = "<group>"; };
		B9E9CB9925305D4600857775 /* RestaurantDetailsInteractor.swift */ = {isa = PBXFileReference; lastKnownFileType = sourcecode.swift; path = RestaurantDetailsInteractor.swift; sourceTree = "<group>"; };
		B9E9CBA42530618800857775 /* RestaurantDetailsView.swift */ = {isa = PBXFileReference; lastKnownFileType = sourcecode.swift; path = RestaurantDetailsView.swift; sourceTree = "<group>"; };
		B9EEECF8253F35DB00BB2EAC /* RestaurantDetailsPresenterMock.swift */ = {isa = PBXFileReference; lastKnownFileType = sourcecode.swift; path = RestaurantDetailsPresenterMock.swift; sourceTree = "<group>"; };
		B9EEED00253F35FE00BB2EAC /* RestaurantDetailsInteractorTests.swift */ = {isa = PBXFileReference; lastKnownFileType = sourcecode.swift; path = RestaurantDetailsInteractorTests.swift; sourceTree = "<group>"; };
		B9EEED05253F361F00BB2EAC /* RestaurantDetailsViewControllerMock.swift */ = {isa = PBXFileReference; lastKnownFileType = sourcecode.swift; path = RestaurantDetailsViewControllerMock.swift; sourceTree = "<group>"; };
		B9EEED0D253F363300BB2EAC /* RestaurantDetailsPresenterTests.swift */ = {isa = PBXFileReference; lastKnownFileType = sourcecode.swift; path = RestaurantDetailsPresenterTests.swift; sourceTree = "<group>"; };
		B9EEED12253F364500BB2EAC /* RestaurantDetailsInteractorMock.swift */ = {isa = PBXFileReference; lastKnownFileType = sourcecode.swift; path = RestaurantDetailsInteractorMock.swift; sourceTree = "<group>"; };
		B9EEED17253F365700BB2EAC /* RestaurantDetailsViewControllerTests.swift */ = {isa = PBXFileReference; lastKnownFileType = sourcecode.swift; path = RestaurantDetailsViewControllerTests.swift; sourceTree = "<group>"; };
		B9EEED1C253F6F8E00BB2EAC /* RestaurantDetailsDBWorkerMock.swift */ = {isa = PBXFileReference; lastKnownFileType = sourcecode.swift; path = RestaurantDetailsDBWorkerMock.swift; sourceTree = "<group>"; };
		B9F347CB2523CDBE00D7964A /* AGLViperProject.app */ = {isa = PBXFileReference; explicitFileType = wrapper.application; includeInIndex = 0; path = AGLViperProject.app; sourceTree = BUILT_PRODUCTS_DIR; };
		B9F347CE2523CDBE00D7964A /* AppDelegate.swift */ = {isa = PBXFileReference; lastKnownFileType = sourcecode.swift; path = AppDelegate.swift; sourceTree = "<group>"; };
		B9F347D02523CDBE00D7964A /* SceneDelegate.swift */ = {isa = PBXFileReference; lastKnownFileType = sourcecode.swift; path = SceneDelegate.swift; sourceTree = "<group>"; };
		B9F347D52523CDBE00D7964A /* Base */ = {isa = PBXFileReference; lastKnownFileType = file.storyboard; name = Base; path = Base.lproj/Main.storyboard; sourceTree = "<group>"; };
		B9F347D82523CDBE00D7964A /* AGLViperProject.xcdatamodel */ = {isa = PBXFileReference; lastKnownFileType = wrapper.xcdatamodel; path = AGLViperProject.xcdatamodel; sourceTree = "<group>"; };
		B9F347DA2523CDBF00D7964A /* Assets.xcassets */ = {isa = PBXFileReference; lastKnownFileType = folder.assetcatalog; path = Assets.xcassets; sourceTree = "<group>"; };
		B9F347DD2523CDBF00D7964A /* Base */ = {isa = PBXFileReference; lastKnownFileType = file.storyboard; name = Base; path = Base.lproj/LaunchScreen.storyboard; sourceTree = "<group>"; };
		B9F347DF2523CDBF00D7964A /* Info.plist */ = {isa = PBXFileReference; lastKnownFileType = text.plist.xml; path = Info.plist; sourceTree = "<group>"; };
		B9F347E42523CDC000D7964A /* AGLViperProjectTests.xctest */ = {isa = PBXFileReference; explicitFileType = wrapper.cfbundle; includeInIndex = 0; path = AGLViperProjectTests.xctest; sourceTree = BUILT_PRODUCTS_DIR; };
		B9F347E82523CDC000D7964A /* AGLViperProjectTests.swift */ = {isa = PBXFileReference; lastKnownFileType = sourcecode.swift; path = AGLViperProjectTests.swift; sourceTree = "<group>"; };
		B9F347EA2523CDC000D7964A /* Info.plist */ = {isa = PBXFileReference; lastKnownFileType = text.plist.xml; path = Info.plist; sourceTree = "<group>"; };
		B9F347EF2523CDC000D7964A /* AGLViperProjectUITests.xctest */ = {isa = PBXFileReference; explicitFileType = wrapper.cfbundle; includeInIndex = 0; path = AGLViperProjectUITests.xctest; sourceTree = BUILT_PRODUCTS_DIR; };
		B9F347F32523CDC000D7964A /* AGLViperProjectUITests.swift */ = {isa = PBXFileReference; lastKnownFileType = sourcecode.swift; path = AGLViperProjectUITests.swift; sourceTree = "<group>"; };
		B9F347F52523CDC000D7964A /* Info.plist */ = {isa = PBXFileReference; lastKnownFileType = text.plist.xml; path = Info.plist; sourceTree = "<group>"; };
		B9F348152523D1BE00D7964A /* HomeScreenPresenter.swift */ = {isa = PBXFileReference; lastKnownFileType = sourcecode.swift; path = HomeScreenPresenter.swift; sourceTree = "<group>"; };
		B9F348162523D1BE00D7964A /* HomeScreenWorker.swift */ = {isa = PBXFileReference; lastKnownFileType = sourcecode.swift; path = HomeScreenWorker.swift; sourceTree = "<group>"; };
		B9F348172523D1BE00D7964A /* HomeScreenRouter.swift */ = {isa = PBXFileReference; lastKnownFileType = sourcecode.swift; path = HomeScreenRouter.swift; sourceTree = "<group>"; };
		B9F348182523D1BE00D7964A /* HomeScreenModels.swift */ = {isa = PBXFileReference; lastKnownFileType = sourcecode.swift; path = HomeScreenModels.swift; sourceTree = "<group>"; };
		B9F348192523D1BE00D7964A /* HomeScreenViewController.swift */ = {isa = PBXFileReference; lastKnownFileType = sourcecode.swift; path = HomeScreenViewController.swift; sourceTree = "<group>"; };
		B9F3481A2523D1BE00D7964A /* HomeScreenInteractor.swift */ = {isa = PBXFileReference; lastKnownFileType = sourcecode.swift; path = HomeScreenInteractor.swift; sourceTree = "<group>"; };
/* End PBXFileReference section */

/* Begin PBXFrameworksBuildPhase section */
		B9F347C82523CDBE00D7964A /* Frameworks */ = {
			isa = PBXFrameworksBuildPhase;
			buildActionMask = 2147483647;
			files = (
			);
			runOnlyForDeploymentPostprocessing = 0;
		};
		B9F347E12523CDC000D7964A /* Frameworks */ = {
			isa = PBXFrameworksBuildPhase;
			buildActionMask = 2147483647;
			files = (
			);
			runOnlyForDeploymentPostprocessing = 0;
		};
		B9F347EC2523CDC000D7964A /* Frameworks */ = {
			isa = PBXFrameworksBuildPhase;
			buildActionMask = 2147483647;
			files = (
			);
			runOnlyForDeploymentPostprocessing = 0;
		};
/* End PBXFrameworksBuildPhase section */

/* Begin PBXGroup section */
		B913580A2539F0710004AA9F /* UnitTests */ = {
			isa = PBXGroup;
			children = (
				B9EEECF4253F356D00BB2EAC /* RestaurantDetailsScene */,
				B913580B2539F0970004AA9F /* RestaurantMenuScene */,
			);
			path = UnitTests;
			sourceTree = "<group>";
		};
		B913580B2539F0970004AA9F /* RestaurantMenuScene */ = {
			isa = PBXGroup;
			children = (
				B913581B2539F0FE0004AA9F /* InteractorTests */,
				B913581A2539F0F30004AA9F /* PresenterTests */,
				B91358192539F0E80004AA9F /* ViewControllerTests */,
				B913580C2539F0AD0004AA9F /* RestautantCollectionViewMock.swift */,
				B91358142539F0CE0004AA9F /* RestaurantDBWorkerMock.swift */,
			);
			path = RestaurantMenuScene;
			sourceTree = "<group>";
		};
		B91358192539F0E80004AA9F /* ViewControllerTests */ = {
			isa = PBXGroup;
			children = (
				B913581C2539F10D0004AA9F /* RestaurantInteractorMock.swift */,
				B91358242539F12C0004AA9F /* RestaurantViewControllerTests.swift */,
			);
			path = ViewControllerTests;
			sourceTree = "<group>";
		};
		B913581A2539F0F30004AA9F /* PresenterTests */ = {
			isa = PBXGroup;
			children = (
				B91358292539F14B0004AA9F /* RestaurantViewControllerMock.swift */,
				B913582E2539F1600004AA9F /* RestaurantPresenterTests.swift */,
			);
			path = PresenterTests;
			sourceTree = "<group>";
		};
		B913581B2539F0FE0004AA9F /* InteractorTests */ = {
			isa = PBXGroup;
			children = (
				B91358332539FDD80004AA9F /* RestaurantPresenterMock.swift */,
				B91358382539FDF30004AA9F /* RestaurantInteractorTests.swift */,
			);
			path = InteractorTests;
			sourceTree = "<group>";
		};
		B922E4292525C53300A0C576 /* RestaurantMenuScene */ = {
			isa = PBXGroup;
			children = (
				B922E45C2525CFA700A0C576 /* RestaurantMenuView */,
				B922E42A2525C56900A0C576 /* RestaurantMenuPresenter.swift */,
				B922E42B2525C56900A0C576 /* RestaurantMenuWorker.swift */,
				B922E42C2525C56900A0C576 /* RestaurantMenuRouter.swift */,
				B922E42D2525C56900A0C576 /* RestaurantMenuModels.swift */,
				B922E42E2525C56900A0C576 /* RestaurantMenuViewController.swift */,
				B922E42F2525C56900A0C576 /* RestaurantMenuInteractor.swift */,
			);
			path = RestaurantMenuScene;
			sourceTree = "<group>";
		};
		B922E45C2525CFA700A0C576 /* RestaurantMenuView */ = {
			isa = PBXGroup;
			children = (
				B922E45D2525CFC500A0C576 /* TitleCollectionViewCell.swift */,
				B922E4652525CFD400A0C576 /* DetailsCollectionViewCell.swift */,
			);
			path = RestaurantMenuView;
			sourceTree = "<group>";
		};
		B9526A5F25378295004BC58A /* BasketViewCell */ = {
			isa = PBXGroup;
			children = (
				B9D4996B254EE6230037EB4D /* BasketDetailsCell.swift */,
				B9CEA51D2584B16E0023BDCD /* BasketDetailsCellOrderButton.swift */,
			);
			path = BasketViewCell;
			sourceTree = "<group>";
		};
		B966E4AB2524D4660032E818 /* Helpers */ = {
			isa = PBXGroup;
			children = (
				B966E4AC2524D4760032E818 /* ControllerMode.swift */,
				B9D49966254ED72C0037EB4D /* DataSource.swift */,
				B986A51A255C34B700F0A406 /* ColorHelper.swift */,
			);
			path = Helpers;
			sourceTree = "<group>";
		};
		B966E4BE2524DD360032E818 /* Networking */ = {
			isa = PBXGroup;
			children = (
				B966E4BF2524DD490032E818 /* NetworkService.swift */,
			);
			path = Networking;
			sourceTree = "<group>";
		};
		B966E4C42524DD930032E818 /* Local files */ = {
			isa = PBXGroup;
			children = (
				B966E4C52524DDE50032E818 /* HomeScreenData.json */,
			);
			path = "Local files";
			sourceTree = "<group>";
		};
		B996BC7C252B9F5E004DB378 /* SplashScreenScene */ = {
			isa = PBXGroup;
			children = (
				B9DA4647252C891600AA0421 /* SplashScreenPageViewControllers */,
				B996BC7D252B9F80004DB378 /* SplashScreenPageViewController.swift */,
			);
			path = SplashScreenScene;
			sourceTree = "<group>";
		};
		B9DA4647252C891600AA0421 /* SplashScreenPageViewControllers */ = {
			isa = PBXGroup;
			children = (
				B9DA4648252C894900AA0421 /* FirstSplashScreenPage.swift */,
				B9DA464D252C8D1A00AA0421 /* SecondSplashScreenPage.swift */,
				B9DA4652252C8D5600AA0421 /* ThirdSplashScreenPage.swift */,
			);
			path = SplashScreenPageViewControllers;
			sourceTree = "<group>";
		};
		B9E2A6372535CABA00C8FB7C /* BasketScene */ = {
			isa = PBXGroup;
			children = (
				B9526A5F25378295004BC58A /* BasketViewCell */,
				B9E2A6382535CB0000C8FB7C /* BasketPresenter.swift */,
				B9E2A6392535CB0000C8FB7C /* BasketWorker.swift */,
				B9E2A63A2535CB0000C8FB7C /* BasketRouter.swift */,
				B9E2A63B2535CB0000C8FB7C /* BasketModels.swift */,
				B9E2A63C2535CB0000C8FB7C /* BasketViewController.swift */,
				B9E2A63D2535CB0000C8FB7C /* BasketInteractor.swift */,
			);
			path = BasketScene;
			sourceTree = "<group>";
		};
		B9E9CB9325305D0400857775 /* RestaurantDetailsScene */ = {
			isa = PBXGroup;
			children = (
				B9E9CBA32530616300857775 /* RestaurantDetailsView */,
				B9E9CB9425305D4600857775 /* RestaurantDetailsPresenter.swift */,
				B9E9CB9525305D4600857775 /* RestaurantDetailsWorker.swift */,
				B9E9CB9625305D4600857775 /* RestaurantDetailsRouter.swift */,
				B9E9CB9725305D4600857775 /* RestaurantDetailsModels.swift */,
				B9E9CB9825305D4600857775 /* RestaurantDetailsViewController.swift */,
				B9E9CB9925305D4600857775 /* RestaurantDetailsInteractor.swift */,
			);
			path = RestaurantDetailsScene;
			sourceTree = "<group>";
		};
		B9E9CBA32530616300857775 /* RestaurantDetailsView */ = {
			isa = PBXGroup;
			children = (
				B9E9CBA42530618800857775 /* RestaurantDetailsView.swift */,
			);
			path = RestaurantDetailsView;
			sourceTree = "<group>";
		};
		B9EEECF4253F356D00BB2EAC /* RestaurantDetailsScene */ = {
			isa = PBXGroup;
			children = (
				B9EEECF5253F359D00BB2EAC /* InteractorTests */,
				B9EEECF6253F35AD00BB2EAC /* PresenterTests */,
				B9EEECF7253F35B400BB2EAC /* ViewControllerTests */,
				B9EEED1C253F6F8E00BB2EAC /* RestaurantDetailsDBWorkerMock.swift */,
			);
			path = RestaurantDetailsScene;
			sourceTree = "<group>";
		};
		B9EEECF5253F359D00BB2EAC /* InteractorTests */ = {
			isa = PBXGroup;
			children = (
				B9EEECF8253F35DB00BB2EAC /* RestaurantDetailsPresenterMock.swift */,
				B9EEED00253F35FE00BB2EAC /* RestaurantDetailsInteractorTests.swift */,
			);
			path = InteractorTests;
			sourceTree = "<group>";
		};
		B9EEECF6253F35AD00BB2EAC /* PresenterTests */ = {
			isa = PBXGroup;
			children = (
				B9EEED05253F361F00BB2EAC /* RestaurantDetailsViewControllerMock.swift */,
				B9EEED0D253F363300BB2EAC /* RestaurantDetailsPresenterTests.swift */,
			);
			path = PresenterTests;
			sourceTree = "<group>";
		};
		B9EEECF7253F35B400BB2EAC /* ViewControllerTests */ = {
			isa = PBXGroup;
			children = (
				B9EEED12253F364500BB2EAC /* RestaurantDetailsInteractorMock.swift */,
				B9EEED17253F365700BB2EAC /* RestaurantDetailsViewControllerTests.swift */,
			);
			path = ViewControllerTests;
			sourceTree = "<group>";
		};
		B9F347C22523CDBE00D7964A = {
			isa = PBXGroup;
			children = (
				B9F347CD2523CDBE00D7964A /* AGLViperProject */,
				B9F347E72523CDC000D7964A /* AGLViperProjectTests */,
				B9F347F22523CDC000D7964A /* AGLViperProjectUITests */,
				B9F347CC2523CDBE00D7964A /* Products */,
			);
			sourceTree = "<group>";
		};
		B9F347CC2523CDBE00D7964A /* Products */ = {
			isa = PBXGroup;
			children = (
				B9F347CB2523CDBE00D7964A /* AGLViperProject.app */,
				B9F347E42523CDC000D7964A /* AGLViperProjectTests.xctest */,
				B9F347EF2523CDC000D7964A /* AGLViperProjectUITests.xctest */,
			);
			name = Products;
			sourceTree = "<group>";
		};
		B9F347CD2523CDBE00D7964A /* AGLViperProject */ = {
			isa = PBXGroup;
			children = (
				B9F3482E2523D5CA00D7964A /* App files */,
				B9F3482F2523D5E100D7964A /* Storyboards */,
				B966E4BE2524DD360032E818 /* Networking */,
				B966E4AB2524D4660032E818 /* Helpers */,
				B9F348132523CFCE00D7964A /* Modules */,
				B9F348302523D61C00D7964A /* Resourses */,
			);
			path = AGLViperProject;
			sourceTree = "<group>";
		};
		B9F347E72523CDC000D7964A /* AGLViperProjectTests */ = {
			isa = PBXGroup;
			children = (
				B913580A2539F0710004AA9F /* UnitTests */,
				B9F347E82523CDC000D7964A /* AGLViperProjectTests.swift */,
				B9F347EA2523CDC000D7964A /* Info.plist */,
			);
			path = AGLViperProjectTests;
			sourceTree = "<group>";
		};
		B9F347F22523CDC000D7964A /* AGLViperProjectUITests */ = {
			isa = PBXGroup;
			children = (
				B9F347F32523CDC000D7964A /* AGLViperProjectUITests.swift */,
				B9F347F52523CDC000D7964A /* Info.plist */,
			);
			path = AGLViperProjectUITests;
			sourceTree = "<group>";
		};
		B9F348132523CFCE00D7964A /* Modules */ = {
			isa = PBXGroup;
			children = (
				B996BC7C252B9F5E004DB378 /* SplashScreenScene */,
				B9F348142523CFD800D7964A /* HomeScreenScene */,
				B922E4292525C53300A0C576 /* RestaurantMenuScene */,
				B9E9CB9325305D0400857775 /* RestaurantDetailsScene */,
				B9E2A6372535CABA00C8FB7C /* BasketScene */,
			);
			path = Modules;
			sourceTree = "<group>";
		};
		B9F348142523CFD800D7964A /* HomeScreenScene */ = {
			isa = PBXGroup;
			children = (
				B9F348152523D1BE00D7964A /* HomeScreenPresenter.swift */,
				B9F348162523D1BE00D7964A /* HomeScreenWorker.swift */,
				B9F348172523D1BE00D7964A /* HomeScreenRouter.swift */,
				B9F348182523D1BE00D7964A /* HomeScreenModels.swift */,
				B9F348192523D1BE00D7964A /* HomeScreenViewController.swift */,
				B9F3481A2523D1BE00D7964A /* HomeScreenInteractor.swift */,
			);
			path = HomeScreenScene;
			sourceTree = "<group>";
		};
		B9F3482E2523D5CA00D7964A /* App files */ = {
			isa = PBXGroup;
			children = (
				B9F347CE2523CDBE00D7964A /* AppDelegate.swift */,
				B9F347D02523CDBE00D7964A /* SceneDelegate.swift */,
			);
			path = "App files";
			sourceTree = "<group>";
		};
		B9F3482F2523D5E100D7964A /* Storyboards */ = {
			isa = PBXGroup;
			children = (
				B9F347D42523CDBE00D7964A /* Main.storyboard */,
				B9F347DC2523CDBF00D7964A /* LaunchScreen.storyboard */,
			);
			path = Storyboards;
			sourceTree = "<group>";
		};
		B9F348302523D61C00D7964A /* Resourses */ = {
			isa = PBXGroup;
			children = (
				B9F347DF2523CDBF00D7964A /* Info.plist */,
				B9F347DA2523CDBF00D7964A /* Assets.xcassets */,
				B9F348312523D65800D7964A /* CoreData */,
				B9F348322523D66900D7964A /* Entity */,
				B966E4C42524DD930032E818 /* Local files */,
			);
			path = Resourses;
			sourceTree = "<group>";
		};
		B9F348312523D65800D7964A /* CoreData */ = {
			isa = PBXGroup;
			children = (
				B9F347D72523CDBE00D7964A /* AGLViperProject.xcdatamodeld */,
				B986A50D255C0F9B00F0A406 /* CoreDataService.swift */,
			);
			path = CoreData;
			sourceTree = "<group>";
		};
		B9F348322523D66900D7964A /* Entity */ = {
			isa = PBXGroup;
			children = (
				B966E4B92524D6690032E818 /* HomeScreenData.swift */,
				B986A512255C29AF00F0A406 /* BasketData.swift */,
			);
			path = Entity;
			sourceTree = "<group>";
		};
/* End PBXGroup section */

/* Begin PBXNativeTarget section */
		B9F347CA2523CDBE00D7964A /* AGLViperProject */ = {
			isa = PBXNativeTarget;
			buildConfigurationList = B9F347F82523CDC000D7964A /* Build configuration list for PBXNativeTarget "AGLViperProject" */;
			buildPhases = (
				B9F347C72523CDBE00D7964A /* Sources */,
				B9F347C82523CDBE00D7964A /* Frameworks */,
				B9F347C92523CDBE00D7964A /* Resources */,
			);
			buildRules = (
			);
			dependencies = (
			);
			name = AGLViperProject;
			productName = AGLViperProject;
			productReference = B9F347CB2523CDBE00D7964A /* AGLViperProject.app */;
			productType = "com.apple.product-type.application";
		};
		B9F347E32523CDC000D7964A /* AGLViperProjectTests */ = {
			isa = PBXNativeTarget;
			buildConfigurationList = B9F347FB2523CDC000D7964A /* Build configuration list for PBXNativeTarget "AGLViperProjectTests" */;
			buildPhases = (
				B9F347E02523CDC000D7964A /* Sources */,
				B9F347E12523CDC000D7964A /* Frameworks */,
				B9F347E22523CDC000D7964A /* Resources */,
			);
			buildRules = (
			);
			dependencies = (
				B9F347E62523CDC000D7964A /* PBXTargetDependency */,
			);
			name = AGLViperProjectTests;
			productName = AGLViperProjectTests;
			productReference = B9F347E42523CDC000D7964A /* AGLViperProjectTests.xctest */;
			productType = "com.apple.product-type.bundle.unit-test";
		};
		B9F347EE2523CDC000D7964A /* AGLViperProjectUITests */ = {
			isa = PBXNativeTarget;
			buildConfigurationList = B9F347FE2523CDC000D7964A /* Build configuration list for PBXNativeTarget "AGLViperProjectUITests" */;
			buildPhases = (
				B9F347EB2523CDC000D7964A /* Sources */,
				B9F347EC2523CDC000D7964A /* Frameworks */,
				B9F347ED2523CDC000D7964A /* Resources */,
			);
			buildRules = (
			);
			dependencies = (
				B9F347F12523CDC000D7964A /* PBXTargetDependency */,
			);
			name = AGLViperProjectUITests;
			productName = AGLViperProjectUITests;
			productReference = B9F347EF2523CDC000D7964A /* AGLViperProjectUITests.xctest */;
			productType = "com.apple.product-type.bundle.ui-testing";
		};
/* End PBXNativeTarget section */

/* Begin PBXProject section */
		B9F347C32523CDBE00D7964A /* Project object */ = {
			isa = PBXProject;
			attributes = {
				LastSwiftUpdateCheck = 1200;
				LastUpgradeCheck = 1200;
				TargetAttributes = {
					B9F347CA2523CDBE00D7964A = {
						CreatedOnToolsVersion = 12.0.1;
					};
					B9F347E32523CDC000D7964A = {
						CreatedOnToolsVersion = 12.0.1;
						TestTargetID = B9F347CA2523CDBE00D7964A;
					};
					B9F347EE2523CDC000D7964A = {
						CreatedOnToolsVersion = 12.0.1;
						TestTargetID = B9F347CA2523CDBE00D7964A;
					};
				};
			};
			buildConfigurationList = B9F347C62523CDBE00D7964A /* Build configuration list for PBXProject "AGLViperProject" */;
			compatibilityVersion = "Xcode 9.3";
			developmentRegion = en;
			hasScannedForEncodings = 0;
			knownRegions = (
				en,
				Base,
			);
			mainGroup = B9F347C22523CDBE00D7964A;
			productRefGroup = B9F347CC2523CDBE00D7964A /* Products */;
			projectDirPath = "";
			projectRoot = "";
			targets = (
				B9F347CA2523CDBE00D7964A /* AGLViperProject */,
				B9F347E32523CDC000D7964A /* AGLViperProjectTests */,
				B9F347EE2523CDC000D7964A /* AGLViperProjectUITests */,
			);
		};
/* End PBXProject section */

/* Begin PBXResourcesBuildPhase section */
		B9F347C92523CDBE00D7964A /* Resources */ = {
			isa = PBXResourcesBuildPhase;
			buildActionMask = 2147483647;
			files = (
				B9F347DE2523CDBF00D7964A /* LaunchScreen.storyboard in Resources */,
				B966E4C62524DDE50032E818 /* HomeScreenData.json in Resources */,
				B9F347DB2523CDBF00D7964A /* Assets.xcassets in Resources */,
				B9F347D62523CDBE00D7964A /* Main.storyboard in Resources */,
			);
			runOnlyForDeploymentPostprocessing = 0;
		};
		B9F347E22523CDC000D7964A /* Resources */ = {
			isa = PBXResourcesBuildPhase;
			buildActionMask = 2147483647;
			files = (
			);
			runOnlyForDeploymentPostprocessing = 0;
		};
		B9F347ED2523CDC000D7964A /* Resources */ = {
			isa = PBXResourcesBuildPhase;
			buildActionMask = 2147483647;
			files = (
			);
			runOnlyForDeploymentPostprocessing = 0;
		};
/* End PBXResourcesBuildPhase section */

/* Begin PBXSourcesBuildPhase section */
		B9F347C72523CDBE00D7964A /* Sources */ = {
			isa = PBXSourcesBuildPhase;
			buildActionMask = 2147483647;
			files = (
				B9E2A6422535CB0000C8FB7C /* BasketViewController.swift in Sources */,
				B922E45E2525CFC500A0C576 /* TitleCollectionViewCell.swift in Sources */,
				B9CEA51E2584B16E0023BDCD /* BasketDetailsCellOrderButton.swift in Sources */,
				B986A50E255C0F9B00F0A406 /* CoreDataService.swift in Sources */,
				B922E4662525CFD400A0C576 /* DetailsCollectionViewCell.swift in Sources */,
				B966E4AD2524D4760032E818 /* ControllerMode.swift in Sources */,
				B9F3481F2523D1BE00D7964A /* HomeScreenViewController.swift in Sources */,
				B9E2A63F2535CB0000C8FB7C /* BasketWorker.swift in Sources */,
				B9DA464E252C8D1A00AA0421 /* SecondSplashScreenPage.swift in Sources */,
				B9F3481E2523D1BE00D7964A /* HomeScreenModels.swift in Sources */,
				B9F3481D2523D1BE00D7964A /* HomeScreenRouter.swift in Sources */,
				B9E2A6432535CB0000C8FB7C /* BasketInteractor.swift in Sources */,
				B9D4996C254EE6230037EB4D /* BasketDetailsCell.swift in Sources */,
				B9E2A63E2535CB0000C8FB7C /* BasketPresenter.swift in Sources */,
				B966E4BA2524D6690032E818 /* HomeScreenData.swift in Sources */,
				B9E2A6412535CB0000C8FB7C /* BasketModels.swift in Sources */,
				B9E9CB9A25305D4600857775 /* RestaurantDetailsPresenter.swift in Sources */,
				B9F347D92523CDBE00D7964A /* AGLViperProject.xcdatamodeld in Sources */,
				B9F3481C2523D1BE00D7964A /* HomeScreenWorker.swift in Sources */,
				B966E4C02524DD490032E818 /* NetworkService.swift in Sources */,
				B986A51B255C34B700F0A406 /* ColorHelper.swift in Sources */,
				B9E9CBA52530618800857775 /* RestaurantDetailsView.swift in Sources */,
				B986A513255C29AF00F0A406 /* BasketData.swift in Sources */,
				B9E9CB9C25305D4600857775 /* RestaurantDetailsRouter.swift in Sources */,
				B9DA4649252C894900AA0421 /* FirstSplashScreenPage.swift in Sources */,
				B9F347CF2523CDBE00D7964A /* AppDelegate.swift in Sources */,
				B922E4322525C56900A0C576 /* RestaurantMenuRouter.swift in Sources */,
				B922E4352525C56900A0C576 /* RestaurantMenuInteractor.swift in Sources */,
				B9DA4653252C8D5600AA0421 /* ThirdSplashScreenPage.swift in Sources */,
				B9D49967254ED72C0037EB4D /* DataSource.swift in Sources */,
				B922E4302525C56900A0C576 /* RestaurantMenuPresenter.swift in Sources */,
				B922E4342525C56900A0C576 /* RestaurantMenuViewController.swift in Sources */,
				B922E4332525C56900A0C576 /* RestaurantMenuModels.swift in Sources */,
				B9E9CB9D25305D4600857775 /* RestaurantDetailsModels.swift in Sources */,
				B9E9CB9F25305D4600857775 /* RestaurantDetailsInteractor.swift in Sources */,
				B9F348202523D1BE00D7964A /* HomeScreenInteractor.swift in Sources */,
				B9E9CB9B25305D4600857775 /* RestaurantDetailsWorker.swift in Sources */,
				B9F3481B2523D1BE00D7964A /* HomeScreenPresenter.swift in Sources */,
				B996BC7E252B9F80004DB378 /* SplashScreenPageViewController.swift in Sources */,
				B9F347D12523CDBE00D7964A /* SceneDelegate.swift in Sources */,
				B9E2A6402535CB0000C8FB7C /* BasketRouter.swift in Sources */,
				B922E4312525C56900A0C576 /* RestaurantMenuWorker.swift in Sources */,
				B9E9CB9E25305D4600857775 /* RestaurantDetailsViewController.swift in Sources */,
			);
			runOnlyForDeploymentPostprocessing = 0;
		};
		B9F347E02523CDC000D7964A /* Sources */ = {
			isa = PBXSourcesBuildPhase;
			buildActionMask = 2147483647;
			files = (
				B9EEED06253F361F00BB2EAC /* RestaurantDetailsViewControllerMock.swift in Sources */,
				B9EEED01253F35FE00BB2EAC /* RestaurantDetailsInteractorTests.swift in Sources */,
				B9F347E92523CDC000D7964A /* AGLViperProjectTests.swift in Sources */,
				B9EEED18253F365700BB2EAC /* RestaurantDetailsViewControllerTests.swift in Sources */,
				B913582F2539F1600004AA9F /* RestaurantPresenterTests.swift in Sources */,
				B9EEECF9253F35DB00BB2EAC /* RestaurantDetailsPresenterMock.swift in Sources */,
				B91358252539F12C0004AA9F /* RestaurantViewControllerTests.swift in Sources */,
				B91358342539FDD80004AA9F /* RestaurantPresenterMock.swift in Sources */,
				B9EEED0E253F363300BB2EAC /* RestaurantDetailsPresenterTests.swift in Sources */,
				B913580D2539F0AD0004AA9F /* RestautantCollectionViewMock.swift in Sources */,
				B913582A2539F14B0004AA9F /* RestaurantViewControllerMock.swift in Sources */,
				B91358152539F0CE0004AA9F /* RestaurantDBWorkerMock.swift in Sources */,
				B91358392539FDF30004AA9F /* RestaurantInteractorTests.swift in Sources */,
				B9EEED13253F364500BB2EAC /* RestaurantDetailsInteractorMock.swift in Sources */,
				B913581D2539F10D0004AA9F /* RestaurantInteractorMock.swift in Sources */,
				B9EEED1D253F6F8E00BB2EAC /* RestaurantDetailsDBWorkerMock.swift in Sources */,
			);
			runOnlyForDeploymentPostprocessing = 0;
		};
		B9F347EB2523CDC000D7964A /* Sources */ = {
			isa = PBXSourcesBuildPhase;
			buildActionMask = 2147483647;
			files = (
				B9F347F42523CDC000D7964A /* AGLViperProjectUITests.swift in Sources */,
			);
			runOnlyForDeploymentPostprocessing = 0;
		};
/* End PBXSourcesBuildPhase section */

/* Begin PBXTargetDependency section */
		B9F347E62523CDC000D7964A /* PBXTargetDependency */ = {
			isa = PBXTargetDependency;
			target = B9F347CA2523CDBE00D7964A /* AGLViperProject */;
			targetProxy = B9F347E52523CDC000D7964A /* PBXContainerItemProxy */;
		};
		B9F347F12523CDC000D7964A /* PBXTargetDependency */ = {
			isa = PBXTargetDependency;
			target = B9F347CA2523CDBE00D7964A /* AGLViperProject */;
			targetProxy = B9F347F02523CDC000D7964A /* PBXContainerItemProxy */;
		};
/* End PBXTargetDependency section */

/* Begin PBXVariantGroup section */
		B9F347D42523CDBE00D7964A /* Main.storyboard */ = {
			isa = PBXVariantGroup;
			children = (
				B9F347D52523CDBE00D7964A /* Base */,
			);
			name = Main.storyboard;
			sourceTree = "<group>";
		};
		B9F347DC2523CDBF00D7964A /* LaunchScreen.storyboard */ = {
			isa = PBXVariantGroup;
			children = (
				B9F347DD2523CDBF00D7964A /* Base */,
			);
			name = LaunchScreen.storyboard;
			sourceTree = "<group>";
		};
/* End PBXVariantGroup section */

/* Begin XCBuildConfiguration section */
		B9F347F62523CDC000D7964A /* Debug */ = {
			isa = XCBuildConfiguration;
			buildSettings = {
				ALWAYS_SEARCH_USER_PATHS = NO;
				CLANG_ANALYZER_NONNULL = YES;
				CLANG_ANALYZER_NUMBER_OBJECT_CONVERSION = YES_AGGRESSIVE;
				CLANG_CXX_LANGUAGE_STANDARD = "gnu++14";
				CLANG_CXX_LIBRARY = "libc++";
				CLANG_ENABLE_MODULES = YES;
				CLANG_ENABLE_OBJC_ARC = YES;
				CLANG_ENABLE_OBJC_WEAK = YES;
				CLANG_WARN_BLOCK_CAPTURE_AUTORELEASING = YES;
				CLANG_WARN_BOOL_CONVERSION = YES;
				CLANG_WARN_COMMA = YES;
				CLANG_WARN_CONSTANT_CONVERSION = YES;
				CLANG_WARN_DEPRECATED_OBJC_IMPLEMENTATIONS = YES;
				CLANG_WARN_DIRECT_OBJC_ISA_USAGE = YES_ERROR;
				CLANG_WARN_DOCUMENTATION_COMMENTS = YES;
				CLANG_WARN_EMPTY_BODY = YES;
				CLANG_WARN_ENUM_CONVERSION = YES;
				CLANG_WARN_INFINITE_RECURSION = YES;
				CLANG_WARN_INT_CONVERSION = YES;
				CLANG_WARN_NON_LITERAL_NULL_CONVERSION = YES;
				CLANG_WARN_OBJC_IMPLICIT_RETAIN_SELF = YES;
				CLANG_WARN_OBJC_LITERAL_CONVERSION = YES;
				CLANG_WARN_OBJC_ROOT_CLASS = YES_ERROR;
				CLANG_WARN_QUOTED_INCLUDE_IN_FRAMEWORK_HEADER = YES;
				CLANG_WARN_RANGE_LOOP_ANALYSIS = YES;
				CLANG_WARN_STRICT_PROTOTYPES = YES;
				CLANG_WARN_SUSPICIOUS_MOVE = YES;
				CLANG_WARN_UNGUARDED_AVAILABILITY = YES_AGGRESSIVE;
				CLANG_WARN_UNREACHABLE_CODE = YES;
				CLANG_WARN__DUPLICATE_METHOD_MATCH = YES;
				COPY_PHASE_STRIP = NO;
				DEBUG_INFORMATION_FORMAT = dwarf;
				ENABLE_STRICT_OBJC_MSGSEND = YES;
				ENABLE_TESTABILITY = YES;
				GCC_C_LANGUAGE_STANDARD = gnu11;
				GCC_DYNAMIC_NO_PIC = NO;
				GCC_NO_COMMON_BLOCKS = YES;
				GCC_OPTIMIZATION_LEVEL = 0;
				GCC_PREPROCESSOR_DEFINITIONS = (
					"DEBUG=1",
					"$(inherited)",
				);
				GCC_WARN_64_TO_32_BIT_CONVERSION = YES;
				GCC_WARN_ABOUT_RETURN_TYPE = YES_ERROR;
				GCC_WARN_UNDECLARED_SELECTOR = YES;
				GCC_WARN_UNINITIALIZED_AUTOS = YES_AGGRESSIVE;
				GCC_WARN_UNUSED_FUNCTION = YES;
				GCC_WARN_UNUSED_VARIABLE = YES;
				IPHONEOS_DEPLOYMENT_TARGET = 14.0;
				MTL_ENABLE_DEBUG_INFO = INCLUDE_SOURCE;
				MTL_FAST_MATH = YES;
				ONLY_ACTIVE_ARCH = YES;
				SDKROOT = iphoneos;
				SWIFT_ACTIVE_COMPILATION_CONDITIONS = DEBUG;
				SWIFT_OPTIMIZATION_LEVEL = "-Onone";
			};
			name = Debug;
		};
		B9F347F72523CDC000D7964A /* Release */ = {
			isa = XCBuildConfiguration;
			buildSettings = {
				ALWAYS_SEARCH_USER_PATHS = NO;
				CLANG_ANALYZER_NONNULL = YES;
				CLANG_ANALYZER_NUMBER_OBJECT_CONVERSION = YES_AGGRESSIVE;
				CLANG_CXX_LANGUAGE_STANDARD = "gnu++14";
				CLANG_CXX_LIBRARY = "libc++";
				CLANG_ENABLE_MODULES = YES;
				CLANG_ENABLE_OBJC_ARC = YES;
				CLANG_ENABLE_OBJC_WEAK = YES;
				CLANG_WARN_BLOCK_CAPTURE_AUTORELEASING = YES;
				CLANG_WARN_BOOL_CONVERSION = YES;
				CLANG_WARN_COMMA = YES;
				CLANG_WARN_CONSTANT_CONVERSION = YES;
				CLANG_WARN_DEPRECATED_OBJC_IMPLEMENTATIONS = YES;
				CLANG_WARN_DIRECT_OBJC_ISA_USAGE = YES_ERROR;
				CLANG_WARN_DOCUMENTATION_COMMENTS = YES;
				CLANG_WARN_EMPTY_BODY = YES;
				CLANG_WARN_ENUM_CONVERSION = YES;
				CLANG_WARN_INFINITE_RECURSION = YES;
				CLANG_WARN_INT_CONVERSION = YES;
				CLANG_WARN_NON_LITERAL_NULL_CONVERSION = YES;
				CLANG_WARN_OBJC_IMPLICIT_RETAIN_SELF = YES;
				CLANG_WARN_OBJC_LITERAL_CONVERSION = YES;
				CLANG_WARN_OBJC_ROOT_CLASS = YES_ERROR;
				CLANG_WARN_QUOTED_INCLUDE_IN_FRAMEWORK_HEADER = YES;
				CLANG_WARN_RANGE_LOOP_ANALYSIS = YES;
				CLANG_WARN_STRICT_PROTOTYPES = YES;
				CLANG_WARN_SUSPICIOUS_MOVE = YES;
				CLANG_WARN_UNGUARDED_AVAILABILITY = YES_AGGRESSIVE;
				CLANG_WARN_UNREACHABLE_CODE = YES;
				CLANG_WARN__DUPLICATE_METHOD_MATCH = YES;
				COPY_PHASE_STRIP = NO;
				DEBUG_INFORMATION_FORMAT = "dwarf-with-dsym";
				ENABLE_NS_ASSERTIONS = NO;
				ENABLE_STRICT_OBJC_MSGSEND = YES;
				GCC_C_LANGUAGE_STANDARD = gnu11;
				GCC_NO_COMMON_BLOCKS = YES;
				GCC_WARN_64_TO_32_BIT_CONVERSION = YES;
				GCC_WARN_ABOUT_RETURN_TYPE = YES_ERROR;
				GCC_WARN_UNDECLARED_SELECTOR = YES;
				GCC_WARN_UNINITIALIZED_AUTOS = YES_AGGRESSIVE;
				GCC_WARN_UNUSED_FUNCTION = YES;
				GCC_WARN_UNUSED_VARIABLE = YES;
				IPHONEOS_DEPLOYMENT_TARGET = 14.0;
				MTL_ENABLE_DEBUG_INFO = NO;
				MTL_FAST_MATH = YES;
				SDKROOT = iphoneos;
				SWIFT_COMPILATION_MODE = wholemodule;
				SWIFT_OPTIMIZATION_LEVEL = "-O";
				VALIDATE_PRODUCT = YES;
			};
			name = Release;
		};
		B9F347F92523CDC000D7964A /* Debug */ = {
			isa = XCBuildConfiguration;
			buildSettings = {
				ASSETCATALOG_COMPILER_APPICON_NAME = AppIcon;
				ASSETCATALOG_COMPILER_GLOBAL_ACCENT_COLOR_NAME = AccentColor;
				CODE_SIGN_STYLE = Automatic;
				DEVELOPMENT_TEAM = U2N97D98Q8;
				INFOPLIST_FILE = AGLViperProject/Resourses/Info.plist;
				IPHONEOS_DEPLOYMENT_TARGET = 14.0;
				LD_RUNPATH_SEARCH_PATHS = (
					"$(inherited)",
					"@executable_path/Frameworks",
				);
				PRODUCT_BUNDLE_IDENTIFIER = Rain.AGLViperProject;
				PRODUCT_NAME = "$(TARGET_NAME)";
				SWIFT_VERSION = 5.0;
				TARGETED_DEVICE_FAMILY = "1,2";
			};
			name = Debug;
		};
		B9F347FA2523CDC000D7964A /* Release */ = {
			isa = XCBuildConfiguration;
			buildSettings = {
				ASSETCATALOG_COMPILER_APPICON_NAME = AppIcon;
				ASSETCATALOG_COMPILER_GLOBAL_ACCENT_COLOR_NAME = AccentColor;
				CODE_SIGN_STYLE = Automatic;
				DEVELOPMENT_TEAM = U2N97D98Q8;
				INFOPLIST_FILE = AGLViperProject/Resourses/Info.plist;
				IPHONEOS_DEPLOYMENT_TARGET = 14.0;
				LD_RUNPATH_SEARCH_PATHS = (
					"$(inherited)",
					"@executable_path/Frameworks",
				);
				PRODUCT_BUNDLE_IDENTIFIER = Rain.AGLViperProject;
				PRODUCT_NAME = "$(TARGET_NAME)";
				SWIFT_VERSION = 5.0;
				TARGETED_DEVICE_FAMILY = "1,2";
			};
			name = Release;
		};
		B9F347FC2523CDC000D7964A /* Debug */ = {
			isa = XCBuildConfiguration;
			buildSettings = {
				ALWAYS_EMBED_SWIFT_STANDARD_LIBRARIES = YES;
				BUNDLE_LOADER = "$(TEST_HOST)";
				CODE_SIGN_STYLE = Automatic;
				DEVELOPMENT_TEAM = U2N97D98Q8;
				INFOPLIST_FILE = AGLViperProjectTests/Info.plist;
				IPHONEOS_DEPLOYMENT_TARGET = 14.0;
				LD_RUNPATH_SEARCH_PATHS = (
					"$(inherited)",
					"@executable_path/Frameworks",
					"@loader_path/Frameworks",
				);
				PRODUCT_BUNDLE_IDENTIFIER = Rain.AGLViperProjectTests;
				PRODUCT_NAME = "$(TARGET_NAME)";
				SWIFT_VERSION = 5.0;
				TARGETED_DEVICE_FAMILY = "1,2";
				TEST_HOST = "$(BUILT_PRODUCTS_DIR)/AGLViperProject.app/AGLViperProject";
			};
			name = Debug;
		};
		B9F347FD2523CDC000D7964A /* Release */ = {
			isa = XCBuildConfiguration;
			buildSettings = {
				ALWAYS_EMBED_SWIFT_STANDARD_LIBRARIES = YES;
				BUNDLE_LOADER = "$(TEST_HOST)";
				CODE_SIGN_STYLE = Automatic;
				DEVELOPMENT_TEAM = U2N97D98Q8;
				INFOPLIST_FILE = AGLViperProjectTests/Info.plist;
				IPHONEOS_DEPLOYMENT_TARGET = 14.0;
				LD_RUNPATH_SEARCH_PATHS = (
					"$(inherited)",
					"@executable_path/Frameworks",
					"@loader_path/Frameworks",
				);
				PRODUCT_BUNDLE_IDENTIFIER = Rain.AGLViperProjectTests;
				PRODUCT_NAME = "$(TARGET_NAME)";
				SWIFT_VERSION = 5.0;
				TARGETED_DEVICE_FAMILY = "1,2";
				TEST_HOST = "$(BUILT_PRODUCTS_DIR)/AGLViperProject.app/AGLViperProject";
			};
			name = Release;
		};
		B9F347FF2523CDC000D7964A /* Debug */ = {
			isa = XCBuildConfiguration;
			buildSettings = {
				ALWAYS_EMBED_SWIFT_STANDARD_LIBRARIES = YES;
				CODE_SIGN_STYLE = Automatic;
				DEVELOPMENT_TEAM = U2N97D98Q8;
				INFOPLIST_FILE = AGLViperProjectUITests/Info.plist;
				LD_RUNPATH_SEARCH_PATHS = (
					"$(inherited)",
					"@executable_path/Frameworks",
					"@loader_path/Frameworks",
				);
				PRODUCT_BUNDLE_IDENTIFIER = Rain.AGLViperProjectUITests;
				PRODUCT_NAME = "$(TARGET_NAME)";
				SWIFT_VERSION = 5.0;
				TARGETED_DEVICE_FAMILY = "1,2";
				TEST_TARGET_NAME = AGLViperProject;
			};
			name = Debug;
		};
		B9F348002523CDC000D7964A /* Release */ = {
			isa = XCBuildConfiguration;
			buildSettings = {
				ALWAYS_EMBED_SWIFT_STANDARD_LIBRARIES = YES;
				CODE_SIGN_STYLE = Automatic;
				DEVELOPMENT_TEAM = U2N97D98Q8;
				INFOPLIST_FILE = AGLViperProjectUITests/Info.plist;
				LD_RUNPATH_SEARCH_PATHS = (
					"$(inherited)",
					"@executable_path/Frameworks",
					"@loader_path/Frameworks",
				);
				PRODUCT_BUNDLE_IDENTIFIER = Rain.AGLViperProjectUITests;
				PRODUCT_NAME = "$(TARGET_NAME)";
				SWIFT_VERSION = 5.0;
				TARGETED_DEVICE_FAMILY = "1,2";
				TEST_TARGET_NAME = AGLViperProject;
			};
			name = Release;
		};
/* End XCBuildConfiguration section */

/* Begin XCConfigurationList section */
		B9F347C62523CDBE00D7964A /* Build configuration list for PBXProject "AGLViperProject" */ = {
			isa = XCConfigurationList;
			buildConfigurations = (
				B9F347F62523CDC000D7964A /* Debug */,
				B9F347F72523CDC000D7964A /* Release */,
			);
			defaultConfigurationIsVisible = 0;
			defaultConfigurationName = Release;
		};
		B9F347F82523CDC000D7964A /* Build configuration list for PBXNativeTarget "AGLViperProject" */ = {
			isa = XCConfigurationList;
			buildConfigurations = (
				B9F347F92523CDC000D7964A /* Debug */,
				B9F347FA2523CDC000D7964A /* Release */,
			);
			defaultConfigurationIsVisible = 0;
			defaultConfigurationName = Release;
		};
		B9F347FB2523CDC000D7964A /* Build configuration list for PBXNativeTarget "AGLViperProjectTests" */ = {
			isa = XCConfigurationList;
			buildConfigurations = (
				B9F347FC2523CDC000D7964A /* Debug */,
				B9F347FD2523CDC000D7964A /* Release */,
			);
			defaultConfigurationIsVisible = 0;
			defaultConfigurationName = Release;
		};
		B9F347FE2523CDC000D7964A /* Build configuration list for PBXNativeTarget "AGLViperProjectUITests" */ = {
			isa = XCConfigurationList;
			buildConfigurations = (
				B9F347FF2523CDC000D7964A /* Debug */,
				B9F348002523CDC000D7964A /* Release */,
			);
			defaultConfigurationIsVisible = 0;
			defaultConfigurationName = Release;
		};
/* End XCConfigurationList section */

/* Begin XCVersionGroup section */
		B9F347D72523CDBE00D7964A /* AGLViperProject.xcdatamodeld */ = {
			isa = XCVersionGroup;
			children = (
				B9F347D82523CDBE00D7964A /* AGLViperProject.xcdatamodel */,
			);
			currentVersion = B9F347D82523CDBE00D7964A /* AGLViperProject.xcdatamodel */;
			path = AGLViperProject.xcdatamodeld;
			sourceTree = "<group>";
			versionGroupType = wrapper.xcdatamodel;
		};
/* End XCVersionGroup section */
	};
	rootObject = B9F347C32523CDBE00D7964A /* Project object */;
}
